
Microsoft Visual Studio Solution File, Format Version 11.00
# Visual Studio 2010
Project("{FAE04EC0-301F-11D3-BF4B-00C04F79EFBC}") = "RpgGameV2", "RpgGameV2\RpgGameV2\RpgGameV2.csproj", "{3BE9DF4F-F40D-4136-B9E1-928803FDE681}"
EndProject
Project("{96E2B04D-8817-42C6-938A-82C39BA4D311}") = "RpgGameV2Content", "RpgGameV2\RpgGameV2Content\RpgGameV2Content.contentproj", "{5498E3B5-2C94-4173-97BA-633C38E81CA8}"
EndProject
Global
	GlobalSection(SolutionConfigurationPlatforms) = preSolution
		Debug|x86 = Debug|x86
		Release|x86 = Release|x86
	EndGlobalSection
	GlobalSection(ProjectConfigurationPlatforms) = postSolution
		{3BE9DF4F-F40D-4136-B9E1-928803FDE681}.Debug|x86.ActiveCfg = Debug|x86
		{3BE9DF4F-F40D-4136-B9E1-928803FDE681}.Debug|x86.Build.0 = Debug|x86
		{3BE9DF4F-F40D-4136-B9E1-928803FDE681}.Release|x86.ActiveCfg = Release|x86
		{3BE9DF4F-F40D-4136-B9E1-928803FDE681}.Release|x86.Build.0 = Release|x86
		{5498E3B5-2C94-4173-97BA-633C38E81CA8}.Debug|x86.ActiveCfg = Debug|x86
		{5498E3B5-2C94-4173-97BA-633C38E81CA8}.Release|x86.ActiveCfg = Release|x86
	EndGlobalSection
	GlobalSection(SolutionProperties) = preSolution
		HideSolutionNode = FALSE
	EndGlobalSection
EndGlobal
